#
# This file is autogenerated by pip-compile with Python 3.13
# by the following command:
#
#    pip-compile --no-index --output-file=/Users/nvkhakimov/loadtest-portal/gatling-generator/requirements.lock --strip-extras /Users/nvkhakimov/loadtest-portal/gatling-generator/requirements.txt
#
annotated-doc==0.0.5
    # via fastapi
annotated-types==0.8.0
    # via pydantic
anyio==4.15.1
    # via
    #   starlette
    #   watchfiles
click==8.5.0
    # via uvicorn
fastapi==0.141.1
    # via -r /Users/nvkhakimov/loadtest-portal/gatling-generator/requirements.txt
h11==0.16.0
    # via uvicorn
httptools==0.8.0
    # via uvicorn
idna==3.19
    # via anyio
prometheus-client==0.21.1
    # via -r /Users/nvkhakimov/loadtest-portal/gatling-generator/requirements.txt
pydantic==2.10.4
    # via
    #   -r /Users/nvkhakimov/loadtest-portal/gatling-generator/requirements.txt
    #   fastapi
pydantic-core==2.27.2
    # via pydantic
python-dotenv==1.2.3
    # via uvicorn
pyyaml==6.0.3
    # via uvicorn
starlette==1.6.0
    # via
    #   -r /Users/nvkhakimov/loadtest-portal/gatling-generator/requirements.txt
    #   fastapi
typing-extensions==4.16.0
    # via
    #   anyio
    #   fastapi
    #   pydantic
    #   pydantic-core
    #   typing-inspection
typing-inspection==0.4.4
    # via fastapi
uvicorn==0.34.0
    # via -r /Users/nvkhakimov/loadtest-portal/gatling-generator/requirements.txt
uvloop==0.22.1
    # via uvicorn
watchfiles==1.2.0
    # via uvicorn
websockets==17.1
    # via uvicorn
